
Microsoft Visual Studio Solution File, Format Version 12.00
# Visual Studio Version 17
VisualStudioVersion = 17.6.33829.357
MinimumVisualStudioVersion = 10.0.40219.1
Project("{FAE04EC0-301F-11D3-BF4B-00C04F79EFBC}") = "OOP_Proje_Forms", "OOP_Proje_Forms\OOP_Proje_Forms.csproj", "{9BA23FFF-414C-4519-BBEE-6BA249624BA7}"
EndProject
Global
	GlobalSection(SolutionConfigurationPlatforms) = preSolution
		Debug|Any CPU = Debug|Any CPU
		Release|Any CPU = Release|Any CPU
	EndGlobalSection
	GlobalSection(ProjectConfigurationPlatforms) = postSolution
		{9BA23FFF-414C-4519-BBEE-6BA249624BA7}.Debug|Any CPU.ActiveCfg = Debug|Any CPU
		{9BA23FFF-414C-4519-BBEE-6BA249624BA7}.Debug|Any CPU.Build.0 = Debug|Any CPU
		{9BA23FFF-414C-4519-BBEE-6BA249624BA7}.Release|Any CPU.ActiveCfg = Release|Any CPU
		{9BA23FFF-414C-4519-BBEE-6BA249624BA7}.Release|Any CPU.Build.0 = Release|Any CPU
	EndGlobalSection
	GlobalSection(SolutionProperties) = preSolution
		HideSolutionNode = FALSE
	EndGlobalSection
	GlobalSection(ExtensibilityGlobals) = postSolution
		SolutionGuid = {90CD3140-7E05-4EBE-BD97-ECC38ED7A82D}
	EndGlobalSection
EndGlobal
